
Microsoft Visual Studio Solution File, Format Version 12.00
# Visual Studio Version 16
VisualStudioVersion = 16.0.30717.126
MinimumVisualStudioVersion = 10.0.40219.1
Project("{9A19103F-16F7-4668-BE54-9A1E7A4F7556}") = "newjaposha", "newjaposha.csproj", "{4BB73154-71BE-4798-9A29-9F80BD6D20B6}"
EndProject
Global
	GlobalSection(SolutionConfigurationPlatforms) = preSolution
		Debug|Any CPU = Debug|Any CPU
		Release|Any CPU = Release|Any CPU
	EndGlobalSection
	GlobalSection(ProjectConfigurationPlatforms) = postSolution
		{4BB73154-71BE-4798-9A29-9F80BD6D20B6}.Debug|Any CPU.ActiveCfg = Debug|Any CPU
		{4BB73154-71BE-4798-9A29-9F80BD6D20B6}.Debug|Any CPU.Build.0 = Debug|Any CPU
		{4BB73154-71BE-4798-9A29-9F80BD6D20B6}.Release|Any CPU.ActiveCfg = Release|Any CPU
		{4BB73154-71BE-4798-9A29-9F80BD6D20B6}.Release|Any CPU.Build.0 = Release|Any CPU
	EndGlobalSection
	GlobalSection(SolutionProperties) = preSolution
		HideSolutionNode = FALSE
	EndGlobalSection
	GlobalSection(ExtensibilityGlobals) = postSolution
		SolutionGuid = {DCAA594B-123C-4D82-9110-7A849A958FC8}
	EndGlobalSection
EndGlobal
